
Microsoft Visual Studio Solution File, Format Version 12.00
# Visual Studio Version 17
VisualStudioVersion = 17.1.32328.378
MinimumVisualStudioVersion = 10.0.40219.1
Project("{8BC9CEB8-8B4A-11D0-8D11-00A0C91BC942}") = "TerrainEngine@orangelie", "TerrainEngine@orangelie\TerrainEngine@orangelie.vcxproj", "{B222F20B-B63F-44FD-866F-7977735EDADB}"
EndProject
Global
	GlobalSection(SolutionConfigurationPlatforms) = preSolution
		Debug|x64 = Debug|x64
		Debug|x86 = Debug|x86
		Release|x64 = Release|x64
		Release|x86 = Release|x86
	EndGlobalSection
	GlobalSection(ProjectConfigurationPlatforms) = postSolution
		{B222F20B-B63F-44FD-866F-7977735EDADB}.Debug|x64.ActiveCfg = Debug|x64
		{B222F20B-B63F-44FD-866F-7977735EDADB}.Debug|x64.Build.0 = Debug|x64
		{B222F20B-B63F-44FD-866F-7977735EDADB}.Debug|x86.ActiveCfg = Debug|Win32
		{B222F20B-B63F-44FD-866F-7977735EDADB}.Debug|x86.Build.0 = Debug|Win32
		{B222F20B-B63F-44FD-866F-7977735EDADB}.Release|x64.ActiveCfg = Release|x64
		{B222F20B-B63F-44FD-866F-7977735EDADB}.Release|x64.Build.0 = Release|x64
		{B222F20B-B63F-44FD-866F-7977735EDADB}.Release|x86.ActiveCfg = Release|Win32
		{B222F20B-B63F-44FD-866F-7977735EDADB}.Release|x86.Build.0 = Release|Win32
	EndGlobalSection
	GlobalSection(SolutionProperties) = preSolution
		HideSolutionNode = FALSE
	EndGlobalSection
	GlobalSection(ExtensibilityGlobals) = postSolution
		SolutionGuid = {B9AFA6E7-499A-48DE-A59F-8B0A5B356E9D}
	EndGlobalSection
EndGlobal
